
Microsoft Visual Studio Solution File, Format Version 12.00
# Visual Studio 14
VisualStudioVersion = 14.0.23107.0
MinimumVisualStudioVersion = 10.0.40219.1
Project("{2150E333-8FDC-42A3-9474-1A3956D46DE8}") = "src", "src", "{131F03B9-F25C-4CE9-98CC-F2B97DC81089}"
EndProject
Project("{2150E333-8FDC-42A3-9474-1A3956D46DE8}") = "Solution Items", "Solution Items", "{1D0B9494-58D5-43F8-88EE-247F8A90D5DA}"
	ProjectSection(SolutionItems) = preProject
		global.json = global.json
		LICENSE = LICENSE
		README.md = README.md
	EndProjectSection
EndProject
Project("{8BB2217D-0F2D-49D1-97BC-3654ED321F3B}") = "SimplePerformanceMeter", "src\SimplePerformanceMeter\SimplePerformanceMeter.xproj", "{F61B564B-EB61-412E-92E0-AAA63DB091BB}"
EndProject
Global
	GlobalSection(SolutionConfigurationPlatforms) = preSolution
		Debug|Any CPU = Debug|Any CPU
		Release|Any CPU = Release|Any CPU
	EndGlobalSection
	GlobalSection(ProjectConfigurationPlatforms) = postSolution
		{F61B564B-EB61-412E-92E0-AAA63DB091BB}.Debug|Any CPU.ActiveCfg = Debug|Any CPU
		{F61B564B-EB61-412E-92E0-AAA63DB091BB}.Debug|Any CPU.Build.0 = Debug|Any CPU
		{F61B564B-EB61-412E-92E0-AAA63DB091BB}.Release|Any CPU.ActiveCfg = Release|Any CPU
		{F61B564B-EB61-412E-92E0-AAA63DB091BB}.Release|Any CPU.Build.0 = Release|Any CPU
	EndGlobalSection
	GlobalSection(SolutionProperties) = preSolution
		HideSolutionNode = FALSE
	EndGlobalSection
	GlobalSection(NestedProjects) = preSolution
		{F61B564B-EB61-412E-92E0-AAA63DB091BB} = {131F03B9-F25C-4CE9-98CC-F2B97DC81089}
	EndGlobalSection
EndGlobal
